
Microsoft Visual Studio Solution File, Format Version 12.00
# Visual Studio 2013
VisualStudioVersion = 12.0.31101.0
MinimumVisualStudioVersion = 10.0.40219.1
Project("{FAE04EC0-301F-11D3-BF4B-00C04F79EFBC}") = "MathLibrary", "MathLibrary\MathLibrary.csproj", "{6DA3E2AF-37DF-42F7-BBBF-5AD37AE6DA4F}"
EndProject
Project("{FAE04EC0-301F-11D3-BF4B-00C04F79EFBC}") = "MathLibraryTest", "MathLibraryTest\MathLibraryTest.csproj", "{644EB964-EB4C-46C4-9869-B0222EF4AE3A}"
EndProject
Global
	GlobalSection(SolutionConfigurationPlatforms) = preSolution
		Debug|Any CPU = Debug|Any CPU
		Release|Any CPU = Release|Any CPU
	EndGlobalSection
	GlobalSection(ProjectConfigurationPlatforms) = postSolution
		{6DA3E2AF-37DF-42F7-BBBF-5AD37AE6DA4F}.Debug|Any CPU.ActiveCfg = Debug|Any CPU
		{6DA3E2AF-37DF-42F7-BBBF-5AD37AE6DA4F}.Debug|Any CPU.Build.0 = Debug|Any CPU
		{6DA3E2AF-37DF-42F7-BBBF-5AD37AE6DA4F}.Release|Any CPU.ActiveCfg = Release|Any CPU
		{6DA3E2AF-37DF-42F7-BBBF-5AD37AE6DA4F}.Release|Any CPU.Build.0 = Release|Any CPU
		{644EB964-EB4C-46C4-9869-B0222EF4AE3A}.Debug|Any CPU.ActiveCfg = Debug|Any CPU
		{644EB964-EB4C-46C4-9869-B0222EF4AE3A}.Debug|Any CPU.Build.0 = Debug|Any CPU
		{644EB964-EB4C-46C4-9869-B0222EF4AE3A}.Release|Any CPU.ActiveCfg = Release|Any CPU
		{644EB964-EB4C-46C4-9869-B0222EF4AE3A}.Release|Any CPU.Build.0 = Release|Any CPU
	EndGlobalSection
	GlobalSection(SolutionProperties) = preSolution
		HideSolutionNode = FALSE
	EndGlobalSection
EndGlobal
