
Microsoft Visual Studio Solution File, Format Version 12.00
# Visual Studio 2013
VisualStudioVersion = 12.0.31101.0
MinimumVisualStudioVersion = 10.0.40219.1
Project("{FAE04EC0-301F-11D3-BF4B-00C04F79EFBC}") = "TDDLabTwoPartThree.Test", "TDDLabTwoPartThree.Test\TDDLabTwoPartThree.Test.csproj", "{9583CC57-79EB-4797-91BD-E7870F31119F}"
EndProject
Project("{FAE04EC0-301F-11D3-BF4B-00C04F79EFBC}") = "TDDLabTwoPartThreeCLib", "TDDLabTwoPartThreeCLib\TDDLabTwoPartThreeCLib.csproj", "{023DF258-2192-4F58-A4A2-35A7409AEE39}"
EndProject
Global
	GlobalSection(SolutionConfigurationPlatforms) = preSolution
		Debug|Any CPU = Debug|Any CPU
		Release|Any CPU = Release|Any CPU
	EndGlobalSection
	GlobalSection(ProjectConfigurationPlatforms) = postSolution
		{9583CC57-79EB-4797-91BD-E7870F31119F}.Debug|Any CPU.ActiveCfg = Debug|Any CPU
		{9583CC57-79EB-4797-91BD-E7870F31119F}.Debug|Any CPU.Build.0 = Debug|Any CPU
		{9583CC57-79EB-4797-91BD-E7870F31119F}.Release|Any CPU.ActiveCfg = Release|Any CPU
		{9583CC57-79EB-4797-91BD-E7870F31119F}.Release|Any CPU.Build.0 = Release|Any CPU
		{023DF258-2192-4F58-A4A2-35A7409AEE39}.Debug|Any CPU.ActiveCfg = Debug|Any CPU
		{023DF258-2192-4F58-A4A2-35A7409AEE39}.Debug|Any CPU.Build.0 = Debug|Any CPU
		{023DF258-2192-4F58-A4A2-35A7409AEE39}.Release|Any CPU.ActiveCfg = Release|Any CPU
		{023DF258-2192-4F58-A4A2-35A7409AEE39}.Release|Any CPU.Build.0 = Release|Any CPU
	EndGlobalSection
	GlobalSection(SolutionProperties) = preSolution
		HideSolutionNode = FALSE
	EndGlobalSection
EndGlobal
